# This is a Gradle generated file for dependency locking.
# Manual edits can break the build and are not advised.
# This file is expected to be part of source control.
com.fasterxml.jackson.core:jackson-annotations:2.11.1=classpath
com.fasterxml.jackson.core:jackson-core:2.11.1=classpath
com.fasterxml.jackson.core:jackson-databind:2.11.1=classpath
com.fasterxml.jackson.dataformat:jackson-dataformat-xml:2.11.1=classpath
com.fasterxml.jackson.module:jackson-module-jaxb-annotations:2.11.1=classpath
com.fasterxml.jackson.module:jackson-module-kotlin:2.11.1=classpath
com.fasterxml.woodstox:woodstox-core:6.2.1=classpath
com.github.ben-manes.versions:com.github.ben-manes.versions.gradle.plugin:0.36.0=classpath
com.github.ben-manes:gradle-versions-plugin:0.36.0=classpath
com.github.gundy:semver4j:0.16.4=classpath
com.google.code.gson:gson:2.8.6=classpath
com.googlecode.javaewah:JavaEWAH:1.1.7=classpath
com.squareup.okhttp3:logging-interceptor:4.9.0=classpath
com.squareup.okhttp3:okhttp:4.9.0=classpath
com.squareup.okio:okio:2.8.0=classpath
com.thoughtworks.xstream:xstream:1.4.10=classpath
de.undercouch:gradle-download-task:4.0.2=classpath
io.freefair.aggregate-javadoc-jar:io.freefair.aggregate-javadoc-jar.gradle.plugin:5.3.0=classpath
io.freefair.gradle:maven-plugin:5.3.0=classpath
io.freefair.gradle:okhttp-plugin:5.3.0=classpath
io.gitlab.arturbosch.detekt:detekt-bom:1.14.2=classpath
io.gitlab.arturbosch.detekt:detekt-gradle-plugin:1.14.2=classpath
io.gitlab.arturbosch.detekt:io.gitlab.arturbosch.detekt.gradle.plugin:1.14.2=classpath
jakarta.activation:jakarta.activation-api:1.2.1=classpath
jakarta.xml.bind:jakarta.xml.bind-api:2.3.2=classpath
org.ajoberstar.git-publish:org.ajoberstar.git-publish.gradle.plugin:3.0.0=classpath
org.ajoberstar.grgit:grgit-core:4.1.0=classpath
org.ajoberstar:gradle-git-publish:3.0.0=classpath
org.antlr:antlr4-runtime:4.5.2-1=classpath
org.apache.maven:maven-model:3.6.3=classpath
org.codehaus.plexus:plexus-utils:3.2.1=classpath
org.codehaus.woodstox:stax2-api:4.2.1=classpath
org.eclipse.jgit:org.eclipse.jgit:5.10.0.202012080955-r=classpath
org.jetbrains.dokka:dokka-core:1.4.20=classpath
org.jetbrains.dokka:dokka-gradle-plugin:1.4.20=classpath
org.jetbrains.dokka:org.jetbrains.dokka.gradle.plugin:1.4.20=classpath
org.jetbrains.intellij.deps:trove4j:1.0.20181211=classpath
org.jetbrains.kotlin.jvm:org.jetbrains.kotlin.jvm.gradle.plugin:1.4.20=classpath
org.jetbrains.kotlin:kotlin-android-extensions:1.4.20=classpath
org.jetbrains.kotlin:kotlin-annotation-processing-gradle:1.4.20=classpath
org.jetbrains.kotlin:kotlin-build-common:1.4.20=classpath
org.jetbrains.kotlin:kotlin-compiler-embeddable:1.4.20=classpath
org.jetbrains.kotlin:kotlin-compiler-runner:1.4.20=classpath
org.jetbrains.kotlin:kotlin-daemon-client:1.4.20=classpath
org.jetbrains.kotlin:kotlin-daemon-embeddable:1.4.20=classpath
org.jetbrains.kotlin:kotlin-gradle-plugin-api:1.4.20=classpath
org.jetbrains.kotlin:kotlin-gradle-plugin-model:1.4.20=classpath
org.jetbrains.kotlin:kotlin-gradle-plugin:1.4.20=classpath
org.jetbrains.kotlin:kotlin-reflect:1.4.20=classpath
org.jetbrains.kotlin:kotlin-script-runtime:1.4.20=classpath
org.jetbrains.kotlin:kotlin-scripting-common:1.4.20=classpath
org.jetbrains.kotlin:kotlin-scripting-compiler-embeddable:1.4.20=classpath
org.jetbrains.kotlin:kotlin-scripting-compiler-impl-embeddable:1.4.20=classpath
org.jetbrains.kotlin:kotlin-scripting-jvm:1.4.20=classpath
org.jetbrains.kotlin:kotlin-stdlib-common:1.4.20=classpath
org.jetbrains.kotlin:kotlin-stdlib-jdk7:1.4.20=classpath
org.jetbrains.kotlin:kotlin-stdlib-jdk8:1.4.20=classpath
org.jetbrains.kotlin:kotlin-stdlib:1.4.20=classpath
org.jetbrains.kotlin:kotlin-util-io:1.4.20=classpath
org.jetbrains.kotlin:kotlin-util-klib:1.4.20=classpath
org.jetbrains.kotlinx:kotlinx-coroutines-core-jvm:1.4.1=classpath
org.jetbrains.kotlinx:kotlinx-coroutines-core:1.3.8=classpath
org.jetbrains:annotations:13.0=classpath
org.jetbrains:markdown:0.1.45=classpath
org.jlleitschuh.gradle.ktlint:org.jlleitschuh.gradle.ktlint.gradle.plugin:9.4.1=classpath
org.jlleitschuh.gradle:ktlint-gradle:9.4.1=classpath
org.jsoup:jsoup:1.12.1=classpath
org.slf4j:slf4j-api:1.7.30=classpath
xmlpull:xmlpull:1.1.3.1=classpath
xpp3:xpp3_min:1.1.4c=classpath
empty=
