# This is a Gradle generated file for dependency locking.
# Manual edits can break the build and are not advised.
# This file is expected to be part of source control.
com.github.shyiko.klob:klob:0.2.1=ktlint
com.github.siom79.japicmp:japicmp:0.14.3=compileClasspath,runtimeClasspath
com.google.code.findbugs:jsr305:3.0.2=compileClasspath,runtimeClasspath
com.google.errorprone:error_prone_annotations:2.3.4=compileClasspath,runtimeClasspath
com.google.guava:failureaccess:1.0.1=compileClasspath,runtimeClasspath
com.google.guava:guava:30.1-jre=compileClasspath,runtimeClasspath
com.google.guava:listenablefuture:9999.0-empty-to-avoid-conflict-with-guava=compileClasspath,runtimeClasspath
com.google.j2objc:j2objc-annotations:1.3=compileClasspath,runtimeClasspath
com.googlecode.javaewah:JavaEWAH:1.1.7=compileClasspath,runtimeClasspath
com.pinterest.ktlint:ktlint-core:0.40.0=ktlint
com.pinterest.ktlint:ktlint-reporter-baseline:0.40.0=ktlint
com.pinterest.ktlint:ktlint-reporter-checkstyle:0.40.0=ktlint
com.pinterest.ktlint:ktlint-reporter-html:0.40.0=ktlint
com.pinterest.ktlint:ktlint-reporter-json:0.40.0=ktlint
com.pinterest.ktlint:ktlint-reporter-plain:0.40.0=ktlint
com.pinterest.ktlint:ktlint-ruleset-experimental:0.40.0=ktlint
com.pinterest.ktlint:ktlint-ruleset-standard:0.40.0=ktlint
com.pinterest.ktlint:ktlint-ruleset-test:0.40.0=ktlint
com.pinterest:ktlint:0.40.0=ktlint
commons-beanutils:commons-beanutils:1.8.0=compileClasspath,runtimeClasspath
commons-codec:commons-codec:1.6=compileClasspath,runtimeClasspath
commons-collections:commons-collections:3.2.1=compileClasspath,runtimeClasspath
commons-lang:commons-lang:2.4=compileClasspath,runtimeClasspath
commons-logging:commons-logging:1.1.1=compileClasspath,runtimeClasspath
de.marcphilipp.gradle:nexus-publish-plugin:0.4.0=compileClasspath,runtimeClasspath
de.thetaphi:forbiddenapis:3.1=compileClasspath,runtimeClasspath
gradle.plugin.org.cadixdev.gradle:licenser:0.5.0=compileClasspath,runtimeClasspath
info.picocli:picocli:3.9.6=ktlint
io.codearte.gradle.nexus:gradle-nexus-staging-plugin:0.22.0=compileClasspath,runtimeClasspath
javax.activation:activation:1.1=compileClasspath,runtimeClasspath
me.champeau.gradle:japicmp-gradle-plugin:0.2.9=compileClasspath,runtimeClasspath
net.kyori:indra-common:1.3.1=compileClasspath,runtimeClasspath
net.kyori:indra-publishing-sonatype:1.3.1=compileClasspath,runtimeClasspath
net.ltgt.gradle:gradle-errorprone-plugin:1.3.0=compileClasspath,runtimeClasspath
net.ltgt.gradle:gradle-nullaway-plugin:1.0.2=compileClasspath,runtimeClasspath
net.sf.ezmorph:ezmorph:1.0.6=compileClasspath,runtimeClasspath
net.sf.json-lib:json-lib:2.3=compileClasspath,runtimeClasspath
net.sourceforge.nekohtml:nekohtml:1.9.16=compileClasspath,runtimeClasspath
org.ajoberstar.grgit:grgit-core:4.1.0=compileClasspath,runtimeClasspath
org.ajoberstar.grgit:grgit-gradle:4.1.0=compileClasspath,runtimeClasspath
org.apache.httpcomponents:httpclient:4.2.1=compileClasspath,runtimeClasspath
org.apache.httpcomponents:httpcore:4.2.1=compileClasspath,runtimeClasspath
org.checkerframework:checker-qual:3.5.0=compileClasspath,runtimeClasspath
org.codehaus.groovy.modules.http-builder:http-builder:0.7.1=compileClasspath,runtimeClasspath
org.ec4j.core:ec4j-core:0.2.2=ktlint
org.eclipse.jgit:org.eclipse.jgit:5.10.0.202012080955-r=compileClasspath,runtimeClasspath
org.javassist:javassist:3.24.0-GA=compileClasspath,runtimeClasspath
org.jetbrains.intellij.deps:trove4j:1.0.20181211=kotlinCompilerClasspath,ktlint
org.jetbrains.kotlin:kotlin-compiler-embeddable:1.4.10=ktlint
org.jetbrains.kotlin:kotlin-compiler-embeddable:1.4.20=kotlinCompilerClasspath
org.jetbrains.kotlin:kotlin-daemon-embeddable:1.4.10=ktlint
org.jetbrains.kotlin:kotlin-daemon-embeddable:1.4.20=kotlinCompilerClasspath
org.jetbrains.kotlin:kotlin-gradle-plugin-api:1.4.20=kotlinCompilerPluginClasspath
org.jetbrains.kotlin:kotlin-gradle-plugin-model:1.4.20=kotlinCompilerPluginClasspath
org.jetbrains.kotlin:kotlin-reflect:1.4.10=ktlint
org.jetbrains.kotlin:kotlin-reflect:1.4.20=compileClasspath,kotlinCompilerClasspath
org.jetbrains.kotlin:kotlin-sam-with-receiver:1.4.20=kotlinCompilerPluginClasspath
org.jetbrains.kotlin:kotlin-script-runtime:1.4.10=ktlint
org.jetbrains.kotlin:kotlin-script-runtime:1.4.20=kotlinCompilerClasspath,kotlinCompilerPluginClasspath
org.jetbrains.kotlin:kotlin-scripting-common:1.4.20=kotlinCompilerPluginClasspath
org.jetbrains.kotlin:kotlin-scripting-compiler-embeddable:1.4.20=kotlinCompilerPluginClasspath
org.jetbrains.kotlin:kotlin-scripting-compiler-impl-embeddable:1.4.20=kotlinCompilerPluginClasspath
org.jetbrains.kotlin:kotlin-scripting-jvm:1.4.20=kotlinCompilerPluginClasspath
org.jetbrains.kotlin:kotlin-stdlib-common:1.4.10=ktlint
org.jetbrains.kotlin:kotlin-stdlib-common:1.4.20=compileClasspath,kotlinCompilerClasspath,kotlinCompilerPluginClasspath,runtimeClasspath
org.jetbrains.kotlin:kotlin-stdlib-jdk7:1.4.20=compileClasspath,runtimeClasspath
org.jetbrains.kotlin:kotlin-stdlib-jdk8:1.4.20=compileClasspath,runtimeClasspath
org.jetbrains.kotlin:kotlin-stdlib:1.4.10=ktlint
org.jetbrains.kotlin:kotlin-stdlib:1.4.20=compileClasspath,kotlinCompilerClasspath,kotlinCompilerPluginClasspath,runtimeClasspath
org.jetbrains.kotlinx:kotlinx-coroutines-core:1.3.7=kotlinCompilerPluginClasspath
org.jetbrains:annotations:13.0=compileClasspath,kotlinCompilerClasspath,kotlinCompilerPluginClasspath,ktlint,runtimeClasspath
org.slf4j:slf4j-api:1.7.30=compileClasspath,runtimeClasspath
xerces:xercesImpl:2.9.1=compileClasspath,runtimeClasspath
xml-apis:xml-apis:1.3.04=compileClasspath,runtimeClasspath
xml-resolver:xml-resolver:1.2=compileClasspath,runtimeClasspath
empty=ktlintReporter,ktlintRuleset
