# This is a Gradle generated file for dependency locking.
# Manual edits can break the build and are not advised.
# This file is expected to be part of source control.
antlr:antlr:2.7.7=checkstyle
ca.stellardrift:stylecheck:0.1=checkstyle
com.beust:jcommander:1.48=pmd
com.github.ben-manes.caffeine:caffeine:2.8.0=annotationProcessor,errorprone,java15TestAnnotationProcessor,testAnnotationProcessor
com.github.kevinstern:software-and-algorithms:1.0=annotationProcessor,errorprone,java15TestAnnotationProcessor,testAnnotationProcessor
com.google.auto.service:auto-service-annotations:1.0-rc6=annotationProcessor,errorprone,java15TestAnnotationProcessor,testAnnotationProcessor
com.google.auto.value:auto-value-annotations:1.7=annotationProcessor,errorprone,java15TestAnnotationProcessor,testAnnotationProcessor
com.google.auto.value:auto-value-annotations:1.7.4=compileClasspath,compileOnly
com.google.auto.value:auto-value:1.7.4=annotationProcessor
com.google.auto:auto-common:0.10=annotationProcessor,errorprone,java15TestAnnotationProcessor,testAnnotationProcessor
com.google.code.findbugs:jFormatString:3.0.0=annotationProcessor,errorprone,java15TestAnnotationProcessor,testAnnotationProcessor
com.google.code.findbugs:jsr305:3.0.2=annotationProcessor,checkstyle,errorprone,java15TestAnnotationProcessor,java15TestCompileClasspath,java15TestRuntimeClasspath,testAnnotationProcessor,testCompileClasspath,testRuntimeClasspath
com.google.code.gson:gson:2.8.5=pmd
com.google.errorprone:error_prone_annotation:2.4.0=annotationProcessor,errorprone,java15TestAnnotationProcessor,testAnnotationProcessor
com.google.errorprone:error_prone_annotations:2.3.4=checkstyle,java15TestCompileClasspath,java15TestRuntimeClasspath,testCompileClasspath,testRuntimeClasspath
com.google.errorprone:error_prone_annotations:2.4.0=annotationProcessor,compileClasspath,compileOnly,errorprone,java15TestAnnotationProcessor,testAnnotationProcessor
com.google.errorprone:error_prone_check_api:2.4.0=annotationProcessor,errorprone,java15TestAnnotationProcessor,testAnnotationProcessor
com.google.errorprone:error_prone_core:2.4.0=annotationProcessor,errorprone,java15TestAnnotationProcessor,testAnnotationProcessor
com.google.errorprone:error_prone_type_annotations:2.4.0=annotationProcessor,errorprone,java15TestAnnotationProcessor,testAnnotationProcessor
com.google.guava:failureaccess:1.0.1=annotationProcessor,checkstyle,errorprone,java15TestAnnotationProcessor,java15TestCompileClasspath,java15TestRuntimeClasspath,testAnnotationProcessor,testCompileClasspath,testRuntimeClasspath
com.google.guava:guava:27.0.1-jre=annotationProcessor,errorprone,java15TestAnnotationProcessor,testAnnotationProcessor
com.google.guava:guava:30.0-jre=checkstyle,java15TestCompileClasspath,java15TestRuntimeClasspath,testCompileClasspath,testRuntimeClasspath
com.google.guava:listenablefuture:9999.0-empty-to-avoid-conflict-with-guava=annotationProcessor,checkstyle,errorprone,java15TestAnnotationProcessor,java15TestCompileClasspath,java15TestRuntimeClasspath,testAnnotationProcessor,testCompileClasspath,testRuntimeClasspath
com.google.j2objc:j2objc-annotations:1.1=annotationProcessor,errorprone,java15TestAnnotationProcessor,testAnnotationProcessor
com.google.j2objc:j2objc-annotations:1.3=checkstyle,java15TestCompileClasspath,java15TestRuntimeClasspath,testCompileClasspath,testRuntimeClasspath
com.google.protobuf:protobuf-java:3.4.0=annotationProcessor,errorprone,java15TestAnnotationProcessor,testAnnotationProcessor
com.googlecode.java-diff-utils:diffutils:1.3.0=annotationProcessor,errorprone,java15TestAnnotationProcessor,testAnnotationProcessor
commons-beanutils:commons-beanutils:1.9.4=checkstyle
commons-collections:commons-collections:3.2.2=checkstyle
commons-io:commons-io:2.6=pmd
info.picocli:picocli:4.5.2=checkstyle
io.leangen.geantyref:geantyref:1.3.11=compileClasspath,default,java15TestCompileClasspath,java15TestRuntimeClasspath,runtimeClasspath,testCompileClasspath,testRuntimeClasspath
net.sf.saxon:Saxon-HE:10.3=checkstyle
net.sourceforge.pmd:pmd-core:6.29.0=pmd
net.sourceforge.pmd:pmd-java:6.29.0=pmd
net.sourceforge.saxon:saxon:9.1.0.8=pmd
org.antlr:antlr4-runtime:4.7.2=pmd
org.antlr:antlr4-runtime:4.8-1=checkstyle
org.apache.commons:commons-lang3:3.8.1=pmd
org.apiguardian:apiguardian-api:1.1.0=java15TestCompileClasspath,java15TestRuntimeClasspath,testCompileClasspath,testRuntimeClasspath
org.checkerframework:checker-qual:2.10.0=annotationProcessor,errorprone,java15TestAnnotationProcessor,testAnnotationProcessor
org.checkerframework:checker-qual:3.5.0=checkstyle,java15TestRuntimeClasspath,testRuntimeClasspath
org.checkerframework:checker-qual:3.8.0=compileClasspath,compileOnly,java15TestCompileClasspath,testCompileClasspath,testCompileOnly
org.checkerframework:dataflow-shaded:3.1.2=annotationProcessor,errorprone,java15TestAnnotationProcessor,testAnnotationProcessor
org.codehaus.mojo:animal-sniffer-annotations:1.17=annotationProcessor,errorprone,java15TestAnnotationProcessor,testAnnotationProcessor
org.javassist:javassist:3.26.0-GA=checkstyle
org.junit.jupiter:junit-jupiter-api:5.7.0=java15TestCompileClasspath,java15TestRuntimeClasspath,testCompileClasspath,testRuntimeClasspath
org.junit.jupiter:junit-jupiter-engine:5.7.0=java15TestRuntimeClasspath,testRuntimeClasspath
org.junit.platform:junit-platform-commons:1.7.0=java15TestCompileClasspath,java15TestRuntimeClasspath,testCompileClasspath,testRuntimeClasspath
org.junit.platform:junit-platform-engine:1.7.0=java15TestRuntimeClasspath,testRuntimeClasspath
org.junit:junit-bom:5.7.0=java15TestCompileClasspath,java15TestRuntimeClasspath,testCompileClasspath,testRuntimeClasspath
org.opentest4j:opentest4j:1.2.0=java15TestCompileClasspath,java15TestRuntimeClasspath,testCompileClasspath,testRuntimeClasspath
org.ow2.asm:asm:9.0-beta=pmd
org.pcollections:pcollections:2.1.2=annotationProcessor,errorprone,java15TestAnnotationProcessor,testAnnotationProcessor
org.reflections:reflections:0.9.12=checkstyle
org.threeten:threeten-extra:1.5.0=annotationProcessor,errorprone,java15TestAnnotationProcessor,testAnnotationProcessor
empty=archives,compile,errorproneJavac,java15TestCompile,java15TestCompileOnly,java15TestRuntime,ktlintRuleset,runtime,signatures,testCompile,testRuntime
