# This is a Gradle generated file for dependency locking.
# Manual edits can break the build and are not advised.
# This file is expected to be part of source control.
antlr:antlr:2.7.7=checkstyle
ca.stellardrift:stylecheck:0.1=checkstyle
com.beust:jcommander:1.48=pmd
com.github.ben-manes.caffeine:caffeine:2.8.8=annotationProcessor,errorprone,java10AnnotationProcessor,java15TestAnnotationProcessor,java16AnnotationProcessor,java16TestAnnotationProcessor,java9AnnotationProcessor,testAnnotationProcessor
com.github.kevinstern:software-and-algorithms:1.0=annotationProcessor,errorprone,java10AnnotationProcessor,java15TestAnnotationProcessor,java16AnnotationProcessor,java16TestAnnotationProcessor,java9AnnotationProcessor,testAnnotationProcessor
com.github.shyiko.klob:klob:0.2.1=ktlint
com.google.auto.service:auto-service-annotations:1.0-rc6=annotationProcessor,errorprone,java10AnnotationProcessor,java15TestAnnotationProcessor,java16AnnotationProcessor,java16TestAnnotationProcessor,java9AnnotationProcessor,testAnnotationProcessor
com.google.auto.value:auto-value-annotations:1.7=annotationProcessor,errorprone,java10AnnotationProcessor,java15TestAnnotationProcessor,java16AnnotationProcessor,java16TestAnnotationProcessor,java9AnnotationProcessor,testAnnotationProcessor
com.google.auto.value:auto-value-annotations:1.7.4=compileOnly
com.google.auto.value:auto-value-annotations:1.8=compileClasspath
com.google.auto.value:auto-value:1.8=annotationProcessor
com.google.auto:auto-common:0.10=annotationProcessor,errorprone,java10AnnotationProcessor,java15TestAnnotationProcessor,java16AnnotationProcessor,java16TestAnnotationProcessor,java9AnnotationProcessor,testAnnotationProcessor
com.google.code.findbugs:jFormatString:3.0.0=annotationProcessor,errorprone,java10AnnotationProcessor,java15TestAnnotationProcessor,java16AnnotationProcessor,java16TestAnnotationProcessor,java9AnnotationProcessor,testAnnotationProcessor
com.google.code.findbugs:jsr305:3.0.2=annotationProcessor,checkstyle,errorprone,java10AnnotationProcessor,java15TestAnnotationProcessor,java15TestCompileClasspath,java15TestRuntimeClasspath,java16AnnotationProcessor,java16TestAnnotationProcessor,java16TestCompileClasspath,java16TestRuntimeClasspath,java9AnnotationProcessor,testAnnotationProcessor,testCompileClasspath,testRuntimeClasspath
com.google.code.gson:gson:2.8.5=pmd
com.google.errorprone:error_prone_annotation:2.5.1=java15TestAnnotationProcessor
com.google.errorprone:error_prone_annotation:2.6.0=annotationProcessor,errorprone,java10AnnotationProcessor,java16AnnotationProcessor,java16TestAnnotationProcessor,java9AnnotationProcessor,testAnnotationProcessor
com.google.errorprone:error_prone_annotations:2.3.4=checkstyle,java15TestRuntimeClasspath
com.google.errorprone:error_prone_annotations:2.5.1=compileOnly,java15TestAnnotationProcessor,java15TestCompileClasspath,java16TestRuntimeClasspath,testCompileOnly,testRuntimeClasspath
com.google.errorprone:error_prone_annotations:2.6.0=annotationProcessor,compileClasspath,errorprone,java10AnnotationProcessor,java16AnnotationProcessor,java16TestAnnotationProcessor,java16TestCompileClasspath,java9AnnotationProcessor,testAnnotationProcessor,testCompileClasspath
com.google.errorprone:error_prone_check_api:2.5.1=java15TestAnnotationProcessor
com.google.errorprone:error_prone_check_api:2.6.0=annotationProcessor,errorprone,java10AnnotationProcessor,java16AnnotationProcessor,java16TestAnnotationProcessor,java9AnnotationProcessor,testAnnotationProcessor
com.google.errorprone:error_prone_core:2.5.1=java15TestAnnotationProcessor
com.google.errorprone:error_prone_core:2.6.0=annotationProcessor,errorprone,java10AnnotationProcessor,java16AnnotationProcessor,java16TestAnnotationProcessor,java9AnnotationProcessor,testAnnotationProcessor
com.google.errorprone:error_prone_type_annotations:2.5.1=java15TestAnnotationProcessor
com.google.errorprone:error_prone_type_annotations:2.6.0=annotationProcessor,errorprone,java10AnnotationProcessor,java16AnnotationProcessor,java16TestAnnotationProcessor,java9AnnotationProcessor,testAnnotationProcessor
com.google.guava:failureaccess:1.0.1=annotationProcessor,checkstyle,errorprone,java10AnnotationProcessor,java15TestAnnotationProcessor,java15TestCompileClasspath,java15TestRuntimeClasspath,java16AnnotationProcessor,java16TestAnnotationProcessor,java16TestCompileClasspath,java16TestRuntimeClasspath,java9AnnotationProcessor,testAnnotationProcessor,testCompileClasspath,testRuntimeClasspath
com.google.guava:guava:30.0-jre=checkstyle
com.google.guava:guava:30.1-jre=annotationProcessor,errorprone,java10AnnotationProcessor,java15TestAnnotationProcessor,java15TestCompileClasspath,java15TestRuntimeClasspath,java16AnnotationProcessor,java16TestAnnotationProcessor,java9AnnotationProcessor,testAnnotationProcessor
com.google.guava:guava:30.1.1-jre=java16TestCompileClasspath,java16TestRuntimeClasspath,testCompileClasspath,testRuntimeClasspath
com.google.guava:listenablefuture:9999.0-empty-to-avoid-conflict-with-guava=annotationProcessor,checkstyle,errorprone,java10AnnotationProcessor,java15TestAnnotationProcessor,java15TestCompileClasspath,java15TestRuntimeClasspath,java16AnnotationProcessor,java16TestAnnotationProcessor,java16TestCompileClasspath,java16TestRuntimeClasspath,java9AnnotationProcessor,testAnnotationProcessor,testCompileClasspath,testRuntimeClasspath
com.google.j2objc:j2objc-annotations:1.3=annotationProcessor,checkstyle,errorprone,java10AnnotationProcessor,java15TestAnnotationProcessor,java15TestCompileClasspath,java15TestRuntimeClasspath,java16AnnotationProcessor,java16TestAnnotationProcessor,java16TestCompileClasspath,java16TestRuntimeClasspath,java9AnnotationProcessor,testAnnotationProcessor,testCompileClasspath,testRuntimeClasspath
com.google.protobuf:protobuf-java:3.4.0=annotationProcessor,errorprone,java10AnnotationProcessor,java15TestAnnotationProcessor,java16AnnotationProcessor,java16TestAnnotationProcessor,java9AnnotationProcessor,testAnnotationProcessor
com.pinterest.ktlint:ktlint-core:0.41.0=ktlint
com.pinterest.ktlint:ktlint-reporter-baseline:0.41.0=ktlint
com.pinterest.ktlint:ktlint-reporter-checkstyle:0.41.0=ktlint
com.pinterest.ktlint:ktlint-reporter-html:0.41.0=ktlint
com.pinterest.ktlint:ktlint-reporter-json:0.41.0=ktlint
com.pinterest.ktlint:ktlint-reporter-plain:0.41.0=ktlint
com.pinterest.ktlint:ktlint-ruleset-experimental:0.41.0=ktlint
com.pinterest.ktlint:ktlint-ruleset-standard:0.41.0=ktlint
com.pinterest.ktlint:ktlint-ruleset-test:0.41.0=ktlint
com.pinterest:ktlint:0.41.0=ktlint
commons-beanutils:commons-beanutils:1.9.4=checkstyle
commons-collections:commons-collections:3.2.2=checkstyle
commons-io:commons-io:2.6=pmd
info.picocli:picocli:3.9.6=ktlint
info.picocli:picocli:4.6.1=checkstyle
io.github.java-diff-utils:java-diff-utils:4.0=annotationProcessor,errorprone,java10AnnotationProcessor,java15TestAnnotationProcessor,java16AnnotationProcessor,java16TestAnnotationProcessor,java9AnnotationProcessor,testAnnotationProcessor
io.leangen.geantyref:geantyref:1.3.11=compileClasspath,default,java15TestCompileClasspath,java15TestRuntimeClasspath,java16TestCompileClasspath,java16TestRuntimeClasspath,runtimeClasspath,testCompileClasspath,testRuntimeClasspath
net.sf.saxon:Saxon-HE:10.3=checkstyle
net.sourceforge.pmd:pmd-core:6.29.0=pmd
net.sourceforge.pmd:pmd-java:6.29.0=pmd
net.sourceforge.saxon:saxon:9.1.0.8=pmd
org.antlr:antlr4-runtime:4.7.2=pmd
org.antlr:antlr4-runtime:4.9.1=checkstyle
org.apache.commons:commons-lang3:3.8.1=pmd
org.apiguardian:apiguardian-api:1.1.0=java15TestCompileClasspath,java15TestRuntimeClasspath,java16TestCompileClasspath,java16TestRuntimeClasspath,testCompileClasspath,testRuntimeClasspath
org.checkerframework:checker-qual:3.11.0=compileOnly,java15TestCompileClasspath,testCompileOnly
org.checkerframework:checker-qual:3.12.0=compileClasspath,java16TestCompileClasspath,testCompileClasspath
org.checkerframework:checker-qual:3.5.0=checkstyle,java15TestRuntimeClasspath
org.checkerframework:checker-qual:3.8.0=annotationProcessor,errorprone,java10AnnotationProcessor,java15TestAnnotationProcessor,java16AnnotationProcessor,java16TestAnnotationProcessor,java16TestRuntimeClasspath,java9AnnotationProcessor,testAnnotationProcessor,testRuntimeClasspath
org.checkerframework:dataflow-shaded:3.11.0=annotationProcessor,errorprone,java10AnnotationProcessor,java16AnnotationProcessor,java16TestAnnotationProcessor,java9AnnotationProcessor,testAnnotationProcessor
org.checkerframework:dataflow-shaded:3.7.1=java15TestAnnotationProcessor
org.ec4j.core:ec4j-core:0.3.0=ktlint
org.eclipse.jgit:org.eclipse.jgit:4.4.1.201607150455-r=annotationProcessor,errorprone,java10AnnotationProcessor,java15TestAnnotationProcessor,java16AnnotationProcessor,java16TestAnnotationProcessor,java9AnnotationProcessor,testAnnotationProcessor
org.javassist:javassist:3.26.0-GA=checkstyle
org.jetbrains.intellij.deps:trove4j:1.0.20181211=ktlint
org.jetbrains.kotlin:kotlin-compiler-embeddable:1.4.31=ktlint
org.jetbrains.kotlin:kotlin-daemon-embeddable:1.4.31=ktlint
org.jetbrains.kotlin:kotlin-reflect:1.4.31=ktlint
org.jetbrains.kotlin:kotlin-script-runtime:1.4.31=ktlint
org.jetbrains.kotlin:kotlin-stdlib-common:1.4.31=ktlint
org.jetbrains.kotlin:kotlin-stdlib-jdk7:1.4.31=ktlint
org.jetbrains.kotlin:kotlin-stdlib-jdk8:1.4.31=ktlint
org.jetbrains.kotlin:kotlin-stdlib:1.4.31=ktlint
org.jetbrains:annotations:13.0=ktlint
org.junit.jupiter:junit-jupiter-api:5.7.1=java15TestCompileClasspath,java15TestRuntimeClasspath,java16TestCompileClasspath,java16TestRuntimeClasspath,testCompileClasspath,testRuntimeClasspath
org.junit.jupiter:junit-jupiter-engine:5.7.1=java15TestRuntimeClasspath,java16TestRuntimeClasspath,testRuntimeClasspath
org.junit.platform:junit-platform-commons:1.7.1=java15TestCompileClasspath,java15TestRuntimeClasspath,java16TestCompileClasspath,java16TestRuntimeClasspath,testCompileClasspath,testRuntimeClasspath
org.junit.platform:junit-platform-engine:1.7.1=java15TestRuntimeClasspath,java16TestRuntimeClasspath,testRuntimeClasspath
org.junit:junit-bom:5.7.1=java15TestCompileClasspath,java15TestRuntimeClasspath,java16TestCompileClasspath,java16TestRuntimeClasspath,testCompileClasspath,testRuntimeClasspath
org.opentest4j:opentest4j:1.2.0=java15TestCompileClasspath,java15TestRuntimeClasspath,java16TestCompileClasspath,java16TestRuntimeClasspath,testCompileClasspath,testRuntimeClasspath
org.ow2.asm:asm:9.0-beta=pmd
org.pcollections:pcollections:2.1.2=annotationProcessor,errorprone,java10AnnotationProcessor,java15TestAnnotationProcessor,java16AnnotationProcessor,java16TestAnnotationProcessor,java9AnnotationProcessor,testAnnotationProcessor
org.reflections:reflections:0.9.12=checkstyle
empty=archives,compile,errorproneJavac,java10Compile,java10CompileClasspath,java10CompileOnly,java10Runtime,java10RuntimeClasspath,java15TestCompile,java15TestCompileOnly,java15TestRuntime,java16CompileClasspath,java16RuntimeClasspath,java9Compile,java9CompileClasspath,java9CompileOnly,java9Runtime,java9RuntimeClasspath,ktlintReporter,ktlintRuleset,runtime,signatures,testCompile,testRuntime
